
Microsoft Visual Studio Solution File, Format Version 12.00
# Visual Studio Version 17
VisualStudioVersion = 17.0.32014.148
MinimumVisualStudioVersion = 10.0.40219.1
Project("{FAE04EC0-301F-11D3-BF4B-00C04F79EFBC}") = "Web.Api", "Web.Api\ShopApi.Web.Api.csproj", "{04F247A2-B2F8-4531-8FB2-F61F7F9229F9}"
EndProject
Project("{FAE04EC0-301F-11D3-BF4B-00C04F79EFBC}") = "LoggerService", "LoggerService\ShopApi.LoggerService.csproj", "{2543D82E-DA15-4E1D-9C63-84D30539E6C1}"
EndProject
Project("{FAE04EC0-301F-11D3-BF4B-00C04F79EFBC}") = "Contracts", "Contracts\ShopApi.Contracts.csproj", "{59EB57C6-82AC-4A98-86A8-077AF28C9A31}"
EndProject
Project("{FAE04EC0-301F-11D3-BF4B-00C04F79EFBC}") = "Entities", "Entities\ShopApi.Entities.csproj", "{176BD55E-16A3-4CC3-8FA4-E75D61F6C626}"
EndProject
Project("{FAE04EC0-301F-11D3-BF4B-00C04F79EFBC}") = "Repository", "Repository\ShopApi.Repository.csproj", "{659CA9D5-F011-4823-AE39-E436A575C67C}"
EndProject
Global
	GlobalSection(SolutionConfigurationPlatforms) = preSolution
		Debug|Any CPU = Debug|Any CPU
		Release|Any CPU = Release|Any CPU
	EndGlobalSection
	GlobalSection(ProjectConfigurationPlatforms) = postSolution
		{9F419551-C6FA-438A-A889-658659609D83}.Debug|Any CPU.ActiveCfg = Debug|Any CPU
		{9F419551-C6FA-438A-A889-658659609D83}.Debug|Any CPU.Build.0 = Debug|Any CPU
		{9F419551-C6FA-438A-A889-658659609D83}.Release|Any CPU.ActiveCfg = Release|Any CPU
		{9F419551-C6FA-438A-A889-658659609D83}.Release|Any CPU.Build.0 = Release|Any CPU
		{CE6D1D9A-1D80-4E4C-AC7D-4158AE57D7C1}.Debug|Any CPU.ActiveCfg = Debug|Any CPU
		{CE6D1D9A-1D80-4E4C-AC7D-4158AE57D7C1}.Debug|Any CPU.Build.0 = Debug|Any CPU
		{CE6D1D9A-1D80-4E4C-AC7D-4158AE57D7C1}.Release|Any CPU.ActiveCfg = Release|Any CPU
		{CE6D1D9A-1D80-4E4C-AC7D-4158AE57D7C1}.Release|Any CPU.Build.0 = Release|Any CPU
		{EA69B424-C10E-424B-A6A0-5A6F4D4481EE}.Debug|Any CPU.ActiveCfg = Debug|Any CPU
		{EA69B424-C10E-424B-A6A0-5A6F4D4481EE}.Debug|Any CPU.Build.0 = Debug|Any CPU
		{EA69B424-C10E-424B-A6A0-5A6F4D4481EE}.Release|Any CPU.ActiveCfg = Release|Any CPU
		{EA69B424-C10E-424B-A6A0-5A6F4D4481EE}.Release|Any CPU.Build.0 = Release|Any CPU
		{E43E1B14-5E9F-4B73-B15E-B2AB217E12A8}.Debug|Any CPU.ActiveCfg = Debug|Any CPU
		{E43E1B14-5E9F-4B73-B15E-B2AB217E12A8}.Debug|Any CPU.Build.0 = Debug|Any CPU
		{E43E1B14-5E9F-4B73-B15E-B2AB217E12A8}.Release|Any CPU.ActiveCfg = Release|Any CPU
		{E43E1B14-5E9F-4B73-B15E-B2AB217E12A8}.Release|Any CPU.Build.0 = Release|Any CPU
		{06F9104D-D91A-47A0-8298-1FFFBB33FC12}.Debug|Any CPU.ActiveCfg = Debug|Any CPU
		{06F9104D-D91A-47A0-8298-1FFFBB33FC12}.Debug|Any CPU.Build.0 = Debug|Any CPU
		{06F9104D-D91A-47A0-8298-1FFFBB33FC12}.Release|Any CPU.ActiveCfg = Release|Any CPU
		{06F9104D-D91A-47A0-8298-1FFFBB33FC12}.Release|Any CPU.Build.0 = Release|Any CPU
		{4539E9AB-4DCE-4DDD-944A-3F7ED165372D}.Debug|Any CPU.ActiveCfg = Debug|Any CPU
		{4539E9AB-4DCE-4DDD-944A-3F7ED165372D}.Debug|Any CPU.Build.0 = Debug|Any CPU
		{4539E9AB-4DCE-4DDD-944A-3F7ED165372D}.Release|Any CPU.ActiveCfg = Release|Any CPU
		{4539E9AB-4DCE-4DDD-944A-3F7ED165372D}.Release|Any CPU.Build.0 = Release|Any CPU
		{EFA939AF-BF5D-4597-AC40-D134B916C448}.Debug|Any CPU.ActiveCfg = Debug|Any CPU
		{EFA939AF-BF5D-4597-AC40-D134B916C448}.Debug|Any CPU.Build.0 = Debug|Any CPU
		{EFA939AF-BF5D-4597-AC40-D134B916C448}.Release|Any CPU.ActiveCfg = Release|Any CPU
		{EFA939AF-BF5D-4597-AC40-D134B916C448}.Release|Any CPU.Build.0 = Release|Any CPU
		{18F192ED-F610-4913-A7D0-E8790A6016CA}.Debug|Any CPU.ActiveCfg = Debug|Any CPU
		{18F192ED-F610-4913-A7D0-E8790A6016CA}.Debug|Any CPU.Build.0 = Debug|Any CPU
		{18F192ED-F610-4913-A7D0-E8790A6016CA}.Release|Any CPU.ActiveCfg = Release|Any CPU
		{18F192ED-F610-4913-A7D0-E8790A6016CA}.Release|Any CPU.Build.0 = Release|Any CPU
		{3F4EC4B7-B2DF-435E-BA5A-EBEBA390AD88}.Debug|Any CPU.ActiveCfg = Debug|Any CPU
		{3F4EC4B7-B2DF-435E-BA5A-EBEBA390AD88}.Debug|Any CPU.Build.0 = Debug|Any CPU
		{3F4EC4B7-B2DF-435E-BA5A-EBEBA390AD88}.Release|Any CPU.ActiveCfg = Release|Any CPU
		{3F4EC4B7-B2DF-435E-BA5A-EBEBA390AD88}.Release|Any CPU.Build.0 = Release|Any CPU
		{AA63472B-B3CE-4FCC-9DFE-9DB2C65E8C93}.Debug|Any CPU.ActiveCfg = Debug|Any CPU
		{AA63472B-B3CE-4FCC-9DFE-9DB2C65E8C93}.Debug|Any CPU.Build.0 = Debug|Any CPU
		{AA63472B-B3CE-4FCC-9DFE-9DB2C65E8C93}.Release|Any CPU.ActiveCfg = Release|Any CPU
		{AA63472B-B3CE-4FCC-9DFE-9DB2C65E8C93}.Release|Any CPU.Build.0 = Release|Any CPU
		{FF655E65-7421-4874-AFFC-25631C2C5B92}.Debug|Any CPU.ActiveCfg = Debug|Any CPU
		{FF655E65-7421-4874-AFFC-25631C2C5B92}.Debug|Any CPU.Build.0 = Debug|Any CPU
		{FF655E65-7421-4874-AFFC-25631C2C5B92}.Release|Any CPU.ActiveCfg = Release|Any CPU
		{FF655E65-7421-4874-AFFC-25631C2C5B92}.Release|Any CPU.Build.0 = Release|Any CPU
		{35BCD275-672A-41C0-A3DA-CAA203446051}.Debug|Any CPU.ActiveCfg = Debug|Any CPU
		{35BCD275-672A-41C0-A3DA-CAA203446051}.Debug|Any CPU.Build.0 = Debug|Any CPU
		{35BCD275-672A-41C0-A3DA-CAA203446051}.Release|Any CPU.ActiveCfg = Release|Any CPU
		{35BCD275-672A-41C0-A3DA-CAA203446051}.Release|Any CPU.Build.0 = Release|Any CPU
		{04F247A2-B2F8-4531-8FB2-F61F7F9229F9}.Debug|Any CPU.ActiveCfg = Debug|Any CPU
		{04F247A2-B2F8-4531-8FB2-F61F7F9229F9}.Debug|Any CPU.Build.0 = Debug|Any CPU
		{04F247A2-B2F8-4531-8FB2-F61F7F9229F9}.Release|Any CPU.ActiveCfg = Release|Any CPU
		{04F247A2-B2F8-4531-8FB2-F61F7F9229F9}.Release|Any CPU.Build.0 = Release|Any CPU
		{2543D82E-DA15-4E1D-9C63-84D30539E6C1}.Debug|Any CPU.ActiveCfg = Debug|Any CPU
		{2543D82E-DA15-4E1D-9C63-84D30539E6C1}.Debug|Any CPU.Build.0 = Debug|Any CPU
		{2543D82E-DA15-4E1D-9C63-84D30539E6C1}.Release|Any CPU.ActiveCfg = Release|Any CPU
		{2543D82E-DA15-4E1D-9C63-84D30539E6C1}.Release|Any CPU.Build.0 = Release|Any CPU
		{59EB57C6-82AC-4A98-86A8-077AF28C9A31}.Debug|Any CPU.ActiveCfg = Debug|Any CPU
		{59EB57C6-82AC-4A98-86A8-077AF28C9A31}.Debug|Any CPU.Build.0 = Debug|Any CPU
		{59EB57C6-82AC-4A98-86A8-077AF28C9A31}.Release|Any CPU.ActiveCfg = Release|Any CPU
		{59EB57C6-82AC-4A98-86A8-077AF28C9A31}.Release|Any CPU.Build.0 = Release|Any CPU
		{176BD55E-16A3-4CC3-8FA4-E75D61F6C626}.Debug|Any CPU.ActiveCfg = Debug|Any CPU
		{176BD55E-16A3-4CC3-8FA4-E75D61F6C626}.Debug|Any CPU.Build.0 = Debug|Any CPU
		{176BD55E-16A3-4CC3-8FA4-E75D61F6C626}.Release|Any CPU.ActiveCfg = Release|Any CPU
		{176BD55E-16A3-4CC3-8FA4-E75D61F6C626}.Release|Any CPU.Build.0 = Release|Any CPU
		{659CA9D5-F011-4823-AE39-E436A575C67C}.Debug|Any CPU.ActiveCfg = Debug|Any CPU
		{659CA9D5-F011-4823-AE39-E436A575C67C}.Debug|Any CPU.Build.0 = Debug|Any CPU
		{659CA9D5-F011-4823-AE39-E436A575C67C}.Release|Any CPU.ActiveCfg = Release|Any CPU
		{659CA9D5-F011-4823-AE39-E436A575C67C}.Release|Any CPU.Build.0 = Release|Any CPU
	EndGlobalSection
	GlobalSection(SolutionProperties) = preSolution
		HideSolutionNode = FALSE
	EndGlobalSection
	GlobalSection(NestedProjects) = preSolution
		{9F419551-C6FA-438A-A889-658659609D83} = {FFCBD3ED-0DC0-4F5D-968C-F9B21BBA7088}
		{CE6D1D9A-1D80-4E4C-AC7D-4158AE57D7C1} = {FFCBD3ED-0DC0-4F5D-968C-F9B21BBA7088}
		{EA69B424-C10E-424B-A6A0-5A6F4D4481EE} = {0C1A1D99-B8C0-4E1B-B7AB-759E59B521F7}
		{18F192ED-F610-4913-A7D0-E8790A6016CA} = {0C1A1D99-B8C0-4E1B-B7AB-759E59B521F7}
		{AA63472B-B3CE-4FCC-9DFE-9DB2C65E8C93} = {DF649D16-C8CF-4E52-8548-8BA4E90356E6}
		{35BCD275-672A-41C0-A3DA-CAA203446051} = {0088F5BF-C66F-4ED8-AF7F-95FEF9E75A49}
	EndGlobalSection
	GlobalSection(ExtensibilityGlobals) = postSolution
		SolutionGuid = {1EDC7359-F3B5-4219-A1FD-626AE0ABE59D}
	EndGlobalSection
EndGlobal
