
Microsoft Visual Studio Solution File, Format Version 12.00
# Visual Studio Version 17
VisualStudioVersion = 17.0.32014.148
MinimumVisualStudioVersion = 10.0.40219.1
Project("{9A19103F-16F7-4668-BE54-9A1E7A4F7556}") = "Web.Api", "Web.Api\Web.Api.csproj", "{04F247A2-B2F8-4531-8FB2-F61F7F9229F9}"
EndProject
Project("{9A19103F-16F7-4668-BE54-9A1E7A4F7556}") = "LoggerService", "LoggerService\LoggerService.csproj", "{2543D82E-DA15-4E1D-9C63-84D30539E6C1}"
EndProject
Project("{9A19103F-16F7-4668-BE54-9A1E7A4F7556}") = "Contracts", "Contracts\Contracts.csproj", "{59EB57C6-82AC-4A98-86A8-077AF28C9A31}"
EndProject
Global
	GlobalSection(SolutionConfigurationPlatforms) = preSolution
		Debug|Any CPU = Debug|Any CPU
		Release|Any CPU = Release|Any CPU
	EndGlobalSection
	GlobalSection(ProjectConfigurationPlatforms) = postSolution
		{04F247A2-B2F8-4531-8FB2-F61F7F9229F9}.Debug|Any CPU.ActiveCfg = Debug|Any CPU
		{04F247A2-B2F8-4531-8FB2-F61F7F9229F9}.Debug|Any CPU.Build.0 = Debug|Any CPU
		{04F247A2-B2F8-4531-8FB2-F61F7F9229F9}.Release|Any CPU.ActiveCfg = Release|Any CPU
		{04F247A2-B2F8-4531-8FB2-F61F7F9229F9}.Release|Any CPU.Build.0 = Release|Any CPU
		{2543D82E-DA15-4E1D-9C63-84D30539E6C1}.Debug|Any CPU.ActiveCfg = Debug|Any CPU
		{2543D82E-DA15-4E1D-9C63-84D30539E6C1}.Debug|Any CPU.Build.0 = Debug|Any CPU
		{2543D82E-DA15-4E1D-9C63-84D30539E6C1}.Release|Any CPU.ActiveCfg = Release|Any CPU
		{2543D82E-DA15-4E1D-9C63-84D30539E6C1}.Release|Any CPU.Build.0 = Release|Any CPU
		{59EB57C6-82AC-4A98-86A8-077AF28C9A31}.Debug|Any CPU.ActiveCfg = Debug|Any CPU
		{59EB57C6-82AC-4A98-86A8-077AF28C9A31}.Debug|Any CPU.Build.0 = Debug|Any CPU
		{59EB57C6-82AC-4A98-86A8-077AF28C9A31}.Release|Any CPU.ActiveCfg = Release|Any CPU
		{59EB57C6-82AC-4A98-86A8-077AF28C9A31}.Release|Any CPU.Build.0 = Release|Any CPU
	EndGlobalSection
	GlobalSection(SolutionProperties) = preSolution
		HideSolutionNode = FALSE
	EndGlobalSection
	GlobalSection(ExtensibilityGlobals) = postSolution
		SolutionGuid = {1EDC7359-F3B5-4219-A1FD-626AE0ABE59D}
	EndGlobalSection
EndGlobal
